
Microsoft Visual Studio Solution File, Format Version 12.00
# Visual Studio 15
Project("{FAE04EC0-301F-11D3-BF4B-00C04F79EFBC}") = "AlgorithmsInCSharp", "AlgorithmsInCSharp.csproj", "{8F526346-B62D-4B29-B35D-AF28C1447B50}"
EndProject
Project("{FAE04EC0-301F-11D3-BF4B-00C04F79EFBC}") = "LinkedList", "LinkedList\LinkedList.csproj", "{383ADAF1-18A8-4A6A-BE0B-7E71EEBE846E}"
EndProject
Global
	GlobalSection(SolutionConfigurationPlatforms) = preSolution
		Debug|x86 = Debug|x86
		Release|x86 = Release|x86
	EndGlobalSection
	GlobalSection(ProjectConfigurationPlatforms) = postSolution
		{8F526346-B62D-4B29-B35D-AF28C1447B50}.Debug|x86.ActiveCfg = Debug|x86
		{8F526346-B62D-4B29-B35D-AF28C1447B50}.Debug|x86.Build.0 = Debug|x86
		{8F526346-B62D-4B29-B35D-AF28C1447B50}.Release|x86.ActiveCfg = Release|x86
		{8F526346-B62D-4B29-B35D-AF28C1447B50}.Release|x86.Build.0 = Release|x86
		{383ADAF1-18A8-4A6A-BE0B-7E71EEBE846E}.Debug|x86.ActiveCfg = Debug|x86
		{383ADAF1-18A8-4A6A-BE0B-7E71EEBE846E}.Debug|x86.Build.0 = Debug|x86
		{383ADAF1-18A8-4A6A-BE0B-7E71EEBE846E}.Release|x86.ActiveCfg = Release|x86
		{383ADAF1-18A8-4A6A-BE0B-7E71EEBE846E}.Release|x86.Build.0 = Release|x86
	EndGlobalSection
EndGlobal
