
Microsoft Visual Studio Solution File, Format Version 12.00
# Visual Studio 15
Project("{FAE04EC0-301F-11D3-BF4B-00C04F79EFBC}") = "LinkedList", "LinkedList.csproj", "{CAA96E89-D1B4-4188-939F-BB3CB9A63165}"
EndProject
Global
	GlobalSection(SolutionConfigurationPlatforms) = preSolution
		Debug|x86 = Debug|x86
		Release|x86 = Release|x86
	EndGlobalSection
	GlobalSection(ProjectConfigurationPlatforms) = postSolution
		{CAA96E89-D1B4-4188-939F-BB3CB9A63165}.Debug|x86.ActiveCfg = Debug|x86
		{CAA96E89-D1B4-4188-939F-BB3CB9A63165}.Debug|x86.Build.0 = Debug|x86
		{CAA96E89-D1B4-4188-939F-BB3CB9A63165}.Release|x86.ActiveCfg = Release|x86
		{CAA96E89-D1B4-4188-939F-BB3CB9A63165}.Release|x86.Build.0 = Release|x86
	EndGlobalSection
EndGlobal
